FORGE
  remote: https://forgeapi.puppetlabs.com
  specs:
    puppetlabs-apt (2.1.1)
      puppetlabs-stdlib (< 5.0.0, >= 4.5.0)
    puppetlabs-firewall (1.7.0)
    puppetlabs-stdlib (4.7.0)

PATH
  remote: myModules/base
  specs:
    thd-base (0.0.1)
      puppetlabs-stdlib (>= 0)

PATH
  remote: myModules/hd_java
  specs:
    thd-hd_java (0.0.1)

PATH
  remote: myModules/puppet_master
  specs:
    thd-puppet_master (0.0.1)

PATH
  remote: myModules/ssl_cert
  specs:
    thd-ssl_cert (0.0.1)

DEPENDENCIES
  puppetlabs-apt (= 2.1.1)
  puppetlabs-firewall (= 1.7.0)
  thd-base (>= 0)
  thd-hd_java (>= 0)
  thd-puppet_master (>= 0)
  thd-ssl_cert (>= 0)

