FORGE
  remote: https://forgeapi.puppetlabs.com
  specs:
    camptocamp-archive (0.8.0)
    darin-zypprepo (1.0.2)
    leinaddm-htpasswd (0.0.3)
    maestrodev-maven (1.4.0)
      maestrodev-wget (>= 1.0.0)
    maestrodev-sonarqube (2.6.1)
      maestrodev-maven (>= 0.0.2)
      maestrodev-wget (>= 0.0.1)
      puppetlabs-stdlib (>= 2.3.0)
    maestrodev-wget (1.7.0)
    nanliu-staging (1.0.3)
    puppetlabs-apt (2.1.1)
      puppetlabs-stdlib (< 5.0.0, >= 4.5.0)
    puppetlabs-firewall (1.7.0)
    puppetlabs-java (1.4.1)
      puppetlabs-stdlib (< 5.0.0, >= 2.4.0)
    puppetlabs-mysql (3.5.0)
      nanliu-staging (~> 1.0)
      puppetlabs-stdlib (< 5.0.0, >= 3.2.0)
    puppetlabs-stdlib (4.7.0)

GIT
  remote: https://github.com/jenkinsci/puppet-jenkins.git
  ref: master
  sha: df3c6dfd7c49143966541ac2be79f5bb608b8247
  specs:
    rtyler-jenkins (1.4.0)
      camptocamp-archive (>= 0.8.0)
      darin-zypprepo (< 2.0.0, >= 1.0.1)
      nanliu-staging (< 2.0.0, >= 1.0.0)
      puppetlabs-apt (< 3.0.0, >= 0.0.3)
      puppetlabs-java (< 2.0.0, >= 1.0.1)
      puppetlabs-stdlib (< 5.0.0, >= 4.6.0)

PATH
  remote: myModules/base
  specs:
    thd-base (0.0.1)
      puppetlabs-stdlib (>= 0)
      thd-ssl_cert (>= 0)

PATH
  remote: myModules/hd_artifactory
  specs:
    thd-hd_artifactory (0.0.1)

PATH
  remote: myModules/hd_gitlab
  specs:
    thd-hd_gitlab (0.0.1)
      thd-ssl_cert (>= 0)

PATH
  remote: myModules/hd_java
  specs:
    thd-hd_java (0.0.1)

PATH
  remote: myModules/hd_jenkins
  specs:
    thd-hd_jenkins (0.0.1)
      camptocamp-archive (>= 0)
      maestrodev-maven (>= 0)
      puppetlabs-java (>= 0)

PATH
  remote: myModules/hd_nagios
  specs:
    thd-hd_nagios (0.0.1)
      leinaddm-htpasswd (>= 0)

PATH
  remote: myModules/hd_sonar
  specs:
    thd-hd_sonar (0.0.1)
      maestrodev-sonarqube (>= 0)
      puppetlabs-mysql (>= 0)
      puppetlabs-stdlib (>= 0)

PATH
  remote: myModules/mumble_server
  specs:
    thd-mumble_server (0.0.1)

PATH
  remote: myModules/puppet_master
  specs:
    thd-puppet_master (0.0.1)

PATH
  remote: myModules/ssl_cert
  specs:
    thd-ssl_cert (0.0.1)

DEPENDENCIES
  puppetlabs-apt (= 2.1.1)
  puppetlabs-firewall (= 1.7.0)
  rtyler-jenkins (>= 0)
  thd-base (>= 0)
  thd-hd_artifactory (>= 0)
  thd-hd_gitlab (>= 0)
  thd-hd_java (>= 0)
  thd-hd_jenkins (>= 0)
  thd-hd_nagios (>= 0)
  thd-hd_sonar (>= 0)
  thd-mumble_server (>= 0)
  thd-puppet_master (>= 0)
  thd-ssl_cert (>= 0)

